// !$*UTF8*$!
{
	archiveVersion = 1;
	classes = {
	};
	objectVersion = 48;
	objects = {

/* Begin PBXBuildFile section */
		A55C5D45205918B3003E7BFD /* AppDelegate.swift in Sources */ = {isa = PBXBuildFile; fileRef = A55C5D44205918B3003E7BFD /* AppDelegate.swift */; };
		A55C5D47205918B3003E7BFD /* MasterViewController.swift in Sources */ = {isa = PBXBuildFile; fileRef = A55C5D46205918B3003E7BFD /* MasterViewController.swift */; };
		A55C5D49205918B3003E7BFD /* DetailViewController.swift in Sources */ = {isa = PBXBuildFile; fileRef = A55C5D48205918B3003E7BFD /* DetailViewController.swift */; };
		A55C5D4C205918B3003E7BFD /* Main.storyboard in Resources */ = {isa = PBXBuildFile; fileRef = A55C5D4A205918B3003E7BFD /* Main.storyboard */; };
		A55C5D4E205918B3003E7BFD /* Assets.xcassets in Resources */ = {isa = PBXBuildFile; fileRef = A55C5D4D205918B3003E7BFD /* Assets.xcassets */; };
		A55C5D51205918B3003E7BFD /* LaunchScreen.storyboard in Resources */ = {isa = PBXBuildFile; fileRef = A55C5D4F205918B3003E7BFD /* LaunchScreen.storyboard */; };
/* End PBXBuildFile section */

/* Begin PBXFileReference section */
		A55C5D41205918B3003E7BFD /* Master-Detail.app */ = {isa = PBXFileReference; explicitFileType = wrapper.application; includeInIndex = 0; path = "Master-Detail.app"; sourceTree = BUILT_PRODUCTS_DIR; };
		A55C5D44205918B3003E7BFD /* AppDelegate.swift */ = {isa = PBXFileReference; lastKnownFileType = sourcecode.swift; path = AppDelegate.swift; sourceTree = "<group>"; };
		A55C5D46205918B3003E7BFD /* MasterViewController.swift */ = {isa = PBXFileReference; lastKnownFileType = sourcecode.swift; path = MasterViewController.swift; sourceTree = "<group>"; };
		A55C5D48205918B3003E7BFD /* DetailViewController.swift */ = {isa = PBXFileReference; lastKnownFileType = sourcecode.swift; path = DetailViewController.swift; sourceTree = "<group>"; };
		A55C5D4B205918B3003E7BFD /* Base */ = {isa = PBXFileReference; lastKnownFileType = file.storyboard; name = Base; path = Base.lproj/Main.storyboard; sourceTree = "<group>"; };
		A55C5D4D205918B3003E7BFD /* Assets.xcassets */ = {isa = PBXFileReference; lastKnownFileType = folder.assetcatalog; path = Assets.xcassets; sourceTree = "<group>"; };
		A55C5D50205918B3003E7BFD /* Base */ = {isa = PBXFileReference; lastKnownFileType = file.storyboard; name = Base; path = Base.lproj/LaunchScreen.storyboard; sourceTree = "<group>"; };
		A55C5D52205918B3003E7BFD /* Info.plist */ = {isa = PBXFileReference; lastKnownFileType = text.plist.xml; path = Info.plist; sourceTree = "<group>"; };
/* End PBXFileReference section */

/* Begin PBXFrameworksBuildPhase section */
		A55C5D3E205918B3003E7BFD /* Frameworks */ = {
			isa = PBXFrameworksBuildPhase;
			buildActionMask = 2147483647;
			files = (
			);
			runOnlyForDeploymentPostprocessing = 0;
		};
/* End PBXFrameworksBuildPhase section */

/* Begin PBXGroup section */
		A55C5D38205918B3003E7BFD = {
			isa = PBXGroup;
			children = (
				A55C5D43205918B3003E7BFD /* Master-Detail */,
				A55C5D42205918B3003E7BFD /* Products */,
			);
			sourceTree = "<group>";
		};
		A55C5D42205918B3003E7BFD /* Products */ = {
			isa = PBXGroup;
			children = (
				A55C5D41205918B3003E7BFD /* Master-Detail.app */,
			);
			name = Products;
			sourceTree = "<group>";
		};
		A55C5D43205918B3003E7BFD /* Master-Detail */ = {
			isa = PBXGroup;
			children = (
				A55C5D44205918B3003E7BFD /* AppDelegate.swift */,
				A55C5D46205918B3003E7BFD /* MasterViewController.swift */,
				A55C5D48205918B3003E7BFD /* DetailViewController.swift */,
				A55C5D4A205918B3003E7BFD /* Main.storyboard */,
				A55C5D4D205918B3003E7BFD /* Assets.xcassets */,
				A55C5D4F205918B3003E7BFD /* LaunchScreen.storyboard */,
				A55C5D52205918B3003E7BFD /* Info.plist */,
			);
			path = "Master-Detail";
			sourceTree = "<group>";
		};
/* End PBXGroup section */

/* Begin PBXNativeTarget section */
		A55C5D40205918B3003E7BFD /* Master-Detail */ = {
			isa = PBXNativeTarget;
			buildConfigurationList = A55C5D55205918B3003E7BFD /* Build configuration list for PBXNativeTarget "Master-Detail" */;
			buildPhases = (
				A55C5D3D205918B3003E7BFD /* Sources */,
				A55C5D3E205918B3003E7BFD /* Frameworks */,
				A55C5D3F205918B3003E7BFD /* Resources */,
			);
			buildRules = (
			);
			dependencies = (
			);
			name = "Master-Detail";
			productName = "Master-Detail";
			productReference = A55C5D41205918B3003E7BFD /* Master-Detail.app */;
			productType = "com.apple.product-type.application";
		};
/* End PBXNativeTarget section */

/* Begin PBXProject section */
		A55C5D39205918B3003E7BFD /* Project object */ = {
			isa = PBXProject;
			attributes = {
				LastSwiftUpdateCheck = 0920;
				LastUpgradeCheck = 0920;
				ORGANIZATIONNAME = "Luke Phelan";
				TargetAttributes = {
					A55C5D40205918B3003E7BFD = {
						CreatedOnToolsVersion = 9.2;
						ProvisioningStyle = Automatic;
					};
				};
			};
			buildConfigurationList = A55C5D3C205918B3003E7BFD /* Build configuration list for PBXProject "Master-Detail" */;
			compatibilityVersion = "Xcode 8.0";
			developmentRegion = en;
			hasScannedForEncodings = 0;
			knownRegions = (
				en,
				Base,
			);
			mainGroup = A55C5D38205918B3003E7BFD;
			productRefGroup = A55C5D42205918B3003E7BFD /* Products */;
			projectDirPath = "";
			projectRoot = "";
			targets = (
				A55C5D40205918B3003E7BFD /* Master-Detail */,
			);
		};
/* End PBXProject section */

/* Begin PBXResourcesBuildPhase section */
		A55C5D3F205918B3003E7BFD /* Resources */ = {
			isa = PBXResourcesBuildPhase;
			buildActionMask = 2147483647;
			files = (
				A55C5D51205918B3003E7BFD /* LaunchScreen.storyboard in Resources */,
				A55C5D4E205918B3003E7BFD /* Assets.xcassets in Resources */,
				A55C5D4C205918B3003E7BFD /* Main.storyboard in Resources */,
			);
			runOnlyForDeploymentPostprocessing = 0;
		};
/* End PBXResourcesBuildPhase section */

/* Begin PBXSourcesBuildPhase section */
		A55C5D3D205918B3003E7BFD /* Sources */ = {
			isa = PBXSourcesBuildPhase;
			buildActionMask = 2147483647;
			files = (
				A55C5D49205918B3003E7BFD /* DetailViewController.swift in Sources */,
				A55C5D47205918B3003E7BFD /* MasterViewController.swift in Sources */,
				A55C5D45205918B3003E7BFD /* AppDelegate.swift in Sources */,
			);
			runOnlyForDeploymentPostprocessing = 0;
		};
/* End PBXSourcesBuildPhase section */

/* Begin PBXVariantGroup section */
		A55C5D4A205918B3003E7BFD /* Main.storyboard */ = {
			isa = PBXVariantGroup;
			children = (
				A55C5D4B205918B3003E7BFD /* Base */,
			);
			name = Main.storyboard;
			sourceTree = "<group>";
		};
		A55C5D4F205918B3003E7BFD /* LaunchScreen.storyboard */ = {
			isa = PBXVariantGroup;
			children = (
				A55C5D50205918B3003E7BFD /* Base */,
			);
			name = LaunchScreen.storyboard;
			sourceTree = "<group>";
		};
/* End PBXVariantGroup section */

/* Begin XCBuildConfiguration section */
		A55C5D53205918B3003E7BFD /* Debug */ = {
			isa = XCBuildConfiguration;
			buildSettings = {
				ALWAYS_SEARCH_USER_PATHS = NO;
				CLANG_ANALYZER_NONNULL = YES;
				CLANG_ANALYZER_NUMBER_OBJECT_CONVERSION = YES_AGGRESSIVE;
				CLANG_CXX_LANGUAGE_STANDARD = "gnu++14";
				CLANG_CXX_LIBRARY = "libc++";
				CLANG_ENABLE_MODULES = YES;
				CLANG_ENABLE_OBJC_ARC = YES;
				CLANG_WARN_BLOCK_CAPTURE_AUTORELEASING = YES;
				CLANG_WARN_BOOL_CONVERSION = YES;
				CLANG_WARN_COMMA = YES;
				CLANG_WARN_CONSTANT_CONVERSION = YES;
				CLANG_WARN_DIRECT_OBJC_ISA_USAGE = YES_ERROR;
				CLANG_WARN_DOCUMENTATION_COMMENTS = YES;
				CLANG_WARN_EMPTY_BODY = YES;
				CLANG_WARN_ENUM_CONVERSION = YES;
				CLANG_WARN_INFINITE_RECURSION = YES;
				CLANG_WARN_INT_CONVERSION = YES;
				CLANG_WARN_NON_LITERAL_NULL_CONVERSION = YES;
				CLANG_WARN_OBJC_LITERAL_CONVERSION = YES;
				CLANG_WARN_OBJC_ROOT_CLASS = YES_ERROR;
				CLANG_WARN_RANGE_LOOP_ANALYSIS = YES;
				CLANG_WARN_STRICT_PROTOTYPES = YES;
				CLANG_WARN_SUSPICIOUS_MOVE = YES;
				CLANG_WARN_UNGUARDED_AVAILABILITY = YES_AGGRESSIVE;
				CLANG_WARN_UNREACHABLE_CODE = YES;
				CLANG_WARN__DUPLICATE_METHOD_MATCH = YES;
				CODE_SIGN_IDENTITY = "iPhone Developer";
				COPY_PHASE_STRIP = NO;
				DEBUG_INFORMATION_FORMAT = dwarf;
				ENABLE_STRICT_OBJC_MSGSEND = YES;
				ENABLE_TESTABILITY = YES;
				GCC_C_LANGUAGE_STANDARD = gnu11;
				GCC_DYNAMIC_NO_PIC = NO;
				GCC_NO_COMMON_BLOCKS = YES;
				GCC_OPTIMIZATION_LEVEL = 0;
				GCC_PREPROCESSOR_DEFINITIONS = (
					"DEBUG=1",
					"$(inherited)",
				);
				GCC_WARN_64_TO_32_BIT_CONVERSION = YES;
				GCC_WARN_ABOUT_RETURN_TYPE = YES_ERROR;
				GCC_WARN_UNDECLARED_SELECTOR = YES;
				GCC_WARN_UNINITIALIZED_AUTOS = YES_AGGRESSIVE;
				GCC_WARN_UNUSED_FUNCTION = YES;
				GCC_WARN_UNUSED_VARIABLE = YES;
				IPHONEOS_DEPLOYMENT_TARGET = 11.2;
				MTL_ENABLE_DEBUG_INFO = YES;
				ONLY_ACTIVE_ARCH = YES;
				SDKROOT = iphoneos;
				SWIFT_ACTIVE_COMPILATION_CONDITIONS = DEBUG;
				SWIFT_OPTIMIZATION_LEVEL = "-Onone";
			};
			name = Debug;
		};
		A55C5D54205918B3003E7BFD /* Release */ = {
			isa = XCBuildConfiguration;
			buildSettings = {
				ALWAYS_SEARCH_USER_PATHS = NO;
				CLANG_ANALYZER_NONNULL = YES;
				CLANG_ANALYZER_NUMBER_OBJECT_CONVERSION = YES_AGGRESSIVE;
				CLANG_CXX_LANGUAGE_STANDARD = "gnu++14";
				CLANG_CXX_LIBRARY = "libc++";
				CLANG_ENABLE_MODULES = YES;
				CLANG_ENABLE_OBJC_ARC = YES;
				CLANG_WARN_BLOCK_CAPTURE_AUTORELEASING = YES;
				CLANG_WARN_BOOL_CONVERSION = YES;
				CLANG_WARN_COMMA = YES;
				CLANG_WARN_CONSTANT_CONVERSION = YES;
				CLANG_WARN_DIRECT_OBJC_ISA_USAGE = YES_ERROR;
				CLANG_WARN_DOCUMENTATION_COMMENTS = YES;
				CLANG_WARN_EMPTY_BODY = YES;
				CLANG_WARN_ENUM_CONVERSION = YES;
				CLANG_WARN_INFINITE_RECURSION = YES;
				CLANG_WARN_INT_CONVERSION = YES;
				CLANG_WARN_NON_LITERAL_NULL_CONVERSION = YES;
				CLANG_WARN_OBJC_LITERAL_CONVERSION = YES;
				CLANG_WARN_OBJC_ROOT_CLASS = YES_ERROR;
				CLANG_WARN_RANGE_LOOP_ANALYSIS = YES;
				CLANG_WARN_STRICT_PROTOTYPES = YES;
				CLANG_WARN_SUSPICIOUS_MOVE = YES;
				CLANG_WARN_UNGUARDED_AVAILABILITY = YES_AGGRESSIVE;
				CLANG_WARN_UNREACHABLE_CODE = YES;
				CLANG_WARN__DUPLICATE_METHOD_MATCH = YES;
				CODE_SIGN_IDENTITY = "iPhone Developer";
				COPY_PHASE_STRIP = NO;
				DEBUG_INFORMATION_FORMAT = "dwarf-with-dsym";
				ENABLE_NS_ASSERTIONS = NO;
				ENABLE_STRICT_OBJC_MSGSEND = YES;
				GCC_C_LANGUAGE_STANDARD = gnu11;
				GCC_NO_COMMON_BLOCKS = YES;
				GCC_WARN_64_TO_32_BIT_CONVERSION = YES;
				GCC_WARN_ABOUT_RETURN_TYPE = YES_ERROR;
				GCC_WARN_UNDECLARED_SELECTOR = YES;
				GCC_WARN_UNINITIALIZED_AUTOS = YES_AGGRESSIVE;
				GCC_WARN_UNUSED_FUNCTION = YES;
				GCC_WARN_UNUSED_VARIABLE = YES;
				IPHONEOS_DEPLOYMENT_TARGET = 11.2;
				MTL_ENABLE_DEBUG_INFO = NO;
				SDKROOT = iphoneos;
				SWIFT_OPTIMIZATION_LEVEL = "-Owholemodule";
				VALIDATE_PRODUCT = YES;
			};
			name = Release;
		};
		A55C5D56205918B3003E7BFD /* Debug */ = {
			isa = XCBuildConfiguration;
			buildSettings = {
				ASSETCATALOG_COMPILER_APPICON_NAME = AppIcon;
				CODE_SIGN_STYLE = Automatic;
				DEVELOPMENT_TEAM = R2MPP92R5K;
				INFOPLIST_FILE = "Master-Detail/Info.plist";
				LD_RUNPATH_SEARCH_PATHS = "$(inherited) @executable_path/Frameworks";
				PRODUCT_BUNDLE_IDENTIFIER = "Phelan.Master-Detail";
				PRODUCT_NAME = "$(TARGET_NAME)";
				SWIFT_VERSION = 4.0;
				TARGETED_DEVICE_FAMILY = "1,2";
			};
			name = Debug;
		};
		A55C5D57205918B3003E7BFD /* Release */ = {
			isa = XCBuildConfiguration;
			buildSettings = {
				ASSETCATALOG_COMPILER_APPICON_NAME = AppIcon;
				CODE_SIGN_STYLE = Automatic;
				DEVELOPMENT_TEAM = R2MPP92R5K;
				INFOPLIST_FILE = "Master-Detail/Info.plist";
				LD_RUNPATH_SEARCH_PATHS = "$(inherited) @executable_path/Frameworks";
				PRODUCT_BUNDLE_IDENTIFIER = "Phelan.Master-Detail";
				PRODUCT_NAME = "$(TARGET_NAME)";
				SWIFT_VERSION = 4.0;
				TARGETED_DEVICE_FAMILY = "1,2";
			};
			name = Release;
		};
/* End XCBuildConfiguration section */

/* Begin XCConfigurationList section */
		A55C5D3C205918B3003E7BFD /* Build configuration list for PBXProject "Master-Detail" */ = {
			isa = XCConfigurationList;
			buildConfigurations = (
				A55C5D53205918B3003E7BFD /* Debug */,
				A55C5D54205918B3003E7BFD /* Release */,
			);
			defaultConfigurationIsVisible = 0;
			defaultConfigurationName = Release;
		};
		A55C5D55205918B3003E7BFD /* Build configuration list for PBXNativeTarget "Master-Detail" */ = {
			isa = XCConfigurationList;
			buildConfigurations = (
				A55C5D56205918B3003E7BFD /* Debug */,
				A55C5D57205918B3003E7BFD /* Release */,
			);
			defaultConfigurationIsVisible = 0;
			defaultConfigurationName = Release;
		};
/* End XCConfigurationList section */
	};
	rootObject = A55C5D39205918B3003E7BFD /* Project object */;
}
